{
  "version": 4,
  "terraform_version": "1.16.1",
  "serial": 30,
  "lineage": "d5be1555-35b4-03e4-047b-47b827a8228c",
  "outputs": {
    "alb_dns_name": {
      "value": "http://aws-learning-p2-alb-1028107275.us-east-1.elb.amazonaws.com",
      "type": "string"
    },
    "asg_name": {
      "value": "aws-learning-p2-asg",
      "type": "string"
    },
    "target_group_arn": {
      "value": "arn:aws:elasticloadbalancing:us-east-1:863421994496:targetgroup/aws-learning-p2-tg/b52efde83923d64f",
      "type": "string"
    },
    "vpc_id": {
      "value": "vpc-0356aca2cce3c7811",
      "type": "string"
    }
  },
  "resources": [
    {
      "mode": "data",
      "type": "aws_ami",
      "name": "amazon_linux",
      "provider": "provider[\"registry.terraform.io/hashicorp/aws\"]",
      "instances": [
        {
          "schema_version": 0,
          "attributes": {
            "architecture": "x86_64",
            "arn": "arn:aws:ec2:us-east-1::image/ami-085b153e241f89f29",
            "block_device_mappings": [
              {
                "device_name": "/dev/xvda",
                "ebs": {
                  "delete_on_termination": "true",
                  "encrypted": "false",
                  "iops": "3000",
                  "snapshot_id": "snap-0e2f565e54672b36d",
                  "throughput": "125",
                  "volume_initialization_rate": "0",
                  "volume_size": "2",
                  "volume_type": "gp3"
                },
                "no_device": "",
                "virtual_name": ""
              }
            ],
            "boot_mode": "uefi-preferred",
            "creation_date": "2026-09-09T19:30:15.000Z",
            "deprecation_time": "2026-12-08T19:32:00.000Z",
            "description": "Amazon Linux 2023 AMI 2023.12.20260909.0 x86_64 Minimal HVM kernel-6.18",
            "ena_support": true,
            "executable_users": null,
            "filter": [
              {
                "name": "name",
                "values": [
                  "al2023-ami-*-x86_64"
                ]
              },
              {
                "name": "virtualization-type",
                "values": [
                  "hvm"
                ]
              }
            ],
            "hypervisor": "xen",
            "id": "ami-085b153e241f89f29",
            "image_id": "ami-085b153e241f89f29",
            "image_location": "amazon/al2023-ami-minimal-2023.12.20260909.0-kernel-6.18-x86_64",
            "image_owner_alias": "amazon",
            "image_type": "machine",
            "imds_support": "v2.0",
            "include_deprecated": false,
            "kernel_id": "",
            "last_launched_time": "",
            "most_recent": true,
            "name": "al2023-ami-minimal-2023.12.20260909.0-kernel-6.18-x86_64",
            "name_regex": null,
            "owner_id": "137112412989",
            "owners": [
              "amazon"
            ],
            "platform": "",
            "platform_details": "Linux/UNIX",
            "product_codes": [],
            "public": true,
            "ramdisk_id": "",
            "root_device_name": "/dev/xvda",
            "root_device_type": "ebs",
            "root_snapshot_id": "snap-0e2f565e54672b36d",
            "sriov_net_support": "simple",
            "state": "available",
            "state_reason": {
              "code": "UNSET",
              "message": "UNSET"
            },
            "tags": {},
            "timeouts": null,
            "tpm_support": "",
            "uefi_data": null,
            "usage_operation": "RunInstances",
            "virtualization_type": "hvm"
          },
          "sensitive_attributes": [],
          "identity_schema_version": 0
        }
      ]
    },
    {
      "mode": "managed",
      "type": "aws_autoscaling_group",
      "name": "app",
      "provider": "provider[\"registry.terraform.io/hashicorp/aws\"]",
      "instances": [
        {
          "schema_version": 1,
          "attributes": {
            "arn": "arn:aws:autoscaling:us-east-1:863421994496:autoScalingGroup:81c0c62c-9be7-4cbc-a50c-cb06e7f4b3ec:autoScalingGroupName/aws-learning-p2-asg",
            "availability_zone_distribution": [
              {
                "capacity_distribution_strategy": "balanced-best-effort"
              }
            ],
            "availability_zones": [
              "us-east-1a",
              "us-east-1b"
            ],
            "capacity_rebalance": false,
            "capacity_reservation_specification": [
              {
                "capacity_reservation_preference": "default",
                "capacity_reservation_target": []
              }
            ],
            "context": "",
            "default_cooldown": 300,
            "default_instance_warmup": 0,
            "desired_capacity": 2,
            "desired_capacity_type": "",
            "enabled_metrics": null,
            "force_delete": false,
            "force_delete_warm_pool": false,
            "health_check_grace_period": 120,
            "health_check_type": "ELB",
            "id": "aws-learning-p2-asg",
            "ignore_failed_scaling_activities": false,
            "initial_lifecycle_hook": [],
            "instance_maintenance_policy": [],
            "instance_refresh": [
              {
                "preferences": [
                  {
                    "alarm_specification": [],
                    "auto_rollback": false,
                    "checkpoint_delay": "",
                    "checkpoint_percentages": null,
                    "instance_warmup": "",
                    "max_healthy_percentage": 100,
                    "min_healthy_percentage": 50,
                    "scale_in_protected_instances": "Ignore",
                    "skip_matching": false,
                    "standby_instances": "Ignore"
                  }
                ],
                "strategy": "Rolling",
                "triggers": null
              }
            ],
            "launch_configuration": "",
            "launch_template": [
              {
                "id": "lt-013c913cb4e25547e",
                "name": "aws-learning-p2-lt-20260914184630450100000004",
                "version": "$Latest"
              }
            ],
            "load_balancers": [],
            "max_instance_lifetime": 0,
            "max_size": 4,
            "metrics_granularity": "1Minute",
            "min_elb_capacity": null,
            "min_size": 1,
            "mixed_instances_policy": [],
            "name": "aws-learning-p2-asg",
            "name_prefix": "",
            "placement_group": "",
            "predicted_capacity": 0,
            "protect_from_scale_in": false,
            "service_linked_role_arn": "arn:aws:iam::863421994496:role/aws-service-role/autoscaling.amazonaws.com/AWSServiceRoleForAutoScaling",
            "suspended_processes": null,
            "tag": [
              {
                "key": "Name",
                "propagate_at_launch": true,
                "value": "aws-learning-p2-ec2"
              }
            ],
            "target_group_arns": [
              "arn:aws:elasticloadbalancing:us-east-1:863421994496:targetgroup/aws-learning-p2-tg/b52efde83923d64f"
            ],
            "termination_policies": null,
            "timeouts": null,
            "traffic_source": [
              {
                "identifier": "arn:aws:elasticloadbalancing:us-east-1:863421994496:targetgroup/aws-learning-p2-tg/b52efde83923d64f",
                "type": "elbv2"
              }
            ],
            "vpc_zone_identifier": [
              "subnet-0a58761ddc2f0b354",
              "subnet-0c7054eb1db9d8b78"
            ],
            "wait_for_capacity_timeout": "10m",
            "wait_for_elb_capacity": null,
            "warm_pool": [],
            "warm_pool_size": 0
          },
          "sensitive_attributes": [],
          "identity_schema_version": 0,
          "private": "eyJlMmJmYjczMC1lY2FhLTExZTYtOGY4OC0zNDM2M2JjN2M0YzAiOnsiZGVsZXRlIjo2MDAwMDAwMDAwMDAsInVwZGF0ZSI6NjAwMDAwMDAwMDAwfSwic2NoZW1hX3ZlcnNpb24iOiIxIn0=",
          "dependencies": [
            "aws_iam_instance_profile.ec2_profile",
            "aws_iam_role.ec2_role",
            "aws_launch_template.app",
            "aws_lb_target_group.app",
            "aws_security_group.alb",
            "aws_security_group.ec2",
            "aws_subnet.private_1",
            "aws_subnet.private_2",
            "aws_vpc.main",
            "data.aws_ami.amazon_linux"
          ],
          "create_before_destroy": true
        }
      ]
    },
    {
      "mode": "managed",
      "type": "aws_autoscaling_policy",
      "name": "scale_in",
      "provider": "provider[\"registry.terraform.io/hashicorp/aws\"]",
      "instances": [
        {
          "schema_version": 0,
          "attributes": {
            "adjustment_type": "ChangeInCapacity",
            "arn": "arn:aws:autoscaling:us-east-1:863421994496:scalingPolicy:17ba8983-0a72-4851-a1b9-b7b1cf028929:autoScalingGroupName/aws-learning-p2-asg:policyName/aws-learning-p2-scale-in",
            "autoscaling_group_name": "aws-learning-p2-asg",
            "cooldown": 300,
            "enabled": true,
            "estimated_instance_warmup": 0,
            "id": "aws-learning-p2-scale-in",
            "metric_aggregation_type": "",
            "min_adjustment_magnitude": 0,
            "name": "aws-learning-p2-scale-in",
            "policy_type": "SimpleScaling",
            "predictive_scaling_configuration": [],
            "scaling_adjustment": -1,
            "step_adjustment": [],
            "target_tracking_configuration": []
          },
          "sensitive_attributes": [],
          "identity_schema_version": 0,
          "private": "bnVsbA==",
          "dependencies": [
            "aws_autoscaling_group.app",
            "aws_iam_instance_profile.ec2_profile",
            "aws_iam_role.ec2_role",
            "aws_launch_template.app",
            "aws_lb_target_group.app",
            "aws_security_group.alb",
            "aws_security_group.ec2",
            "aws_subnet.private_1",
            "aws_subnet.private_2",
            "aws_vpc.main",
            "data.aws_ami.amazon_linux"
          ]
        }
      ]
    },
    {
      "mode": "managed",
      "type": "aws_autoscaling_policy",
      "name": "scale_out",
      "provider": "provider[\"registry.terraform.io/hashicorp/aws\"]",
      "instances": [
        {
          "schema_version": 0,
          "attributes": {
            "adjustment_type": "ChangeInCapacity",
            "arn": "arn:aws:autoscaling:us-east-1:863421994496:scalingPolicy:76bab60f-9af1-47b5-899c-69718188884a:autoScalingGroupName/aws-learning-p2-asg:policyName/aws-learning-p2-scale-out",
            "autoscaling_group_name": "aws-learning-p2-asg",
            "cooldown": 180,
            "enabled": true,
            "estimated_instance_warmup": 0,
            "id": "aws-learning-p2-scale-out",
            "metric_aggregation_type": "",
            "min_adjustment_magnitude": 0,
            "name": "aws-learning-p2-scale-out",
            "policy_type": "SimpleScaling",
            "predictive_scaling_configuration": [],
            "scaling_adjustment": 1,
            "step_adjustment": [],
            "target_tracking_configuration": []
          },
          "sensitive_attributes": [],
          "identity_schema_version": 0,
          "private": "bnVsbA==",
          "dependencies": [
            "aws_autoscaling_group.app",
            "aws_iam_instance_profile.ec2_profile",
            "aws_iam_role.ec2_role",
            "aws_launch_template.app",
            "aws_lb_target_group.app",
            "aws_security_group.alb",
            "aws_security_group.ec2",
            "aws_subnet.private_1",
            "aws_subnet.private_2",
            "aws_vpc.main",
            "data.aws_ami.amazon_linux"
          ]
        }
      ]
    },
    {
      "mode": "managed",
      "type": "aws_cloudwatch_metric_alarm",
      "name": "cpu_high",
      "provider": "provider[\"registry.terraform.io/hashicorp/aws\"]",
      "instances": [
        {
          "schema_version": 1,
          "attributes": {
            "actions_enabled": true,
            "alarm_actions": [
              "arn:aws:autoscaling:us-east-1:863421994496:scalingPolicy:76bab60f-9af1-47b5-899c-69718188884a:autoScalingGroupName/aws-learning-p2-asg:policyName/aws-learning-p2-scale-out"
            ],
            "alarm_description": "CPU \u003e 70% — Scale Out!",
            "alarm_name": "aws-learning-p2-cpu-high",
            "arn": "arn:aws:cloudwatch:us-east-1:863421994496:alarm:aws-learning-p2-cpu-high",
            "comparison_operator": "GreaterThanThreshold",
            "datapoints_to_alarm": 0,
            "dimensions": {
              "AutoScalingGroupName": "aws-learning-p2-asg"
            },
            "evaluate_low_sample_count_percentiles": "",
            "evaluation_periods": 2,
            "extended_statistic": "",
            "id": "aws-learning-p2-cpu-high",
            "insufficient_data_actions": null,
            "metric_name": "CPUUtilization",
            "metric_query": [],
            "namespace": "AWS/EC2",
            "ok_actions": null,
            "period": 60,
            "statistic": "Average",
            "tags": {
              "Environment": "dev",
              "ManagedBy": "Terraform",
              "Project": "aws-learning-p2"
            },
            "tags_all": {
              "Environment": "dev",
              "ManagedBy": "Terraform",
              "Project": "aws-learning-p2"
            },
            "threshold": 70,
            "threshold_metric_id": "",
            "treat_missing_data": "missing",
            "unit": ""
          },
          "sensitive_attributes": [],
          "identity_schema_version": 0,
          "private": "eyJzY2hlbWFfdmVyc2lvbiI6IjEifQ==",
          "dependencies": [
            "aws_autoscaling_group.app",
            "aws_autoscaling_policy.scale_out",
            "aws_iam_instance_profile.ec2_profile",
            "aws_iam_role.ec2_role",
            "aws_launch_template.app",
            "aws_lb_target_group.app",
            "aws_security_group.alb",
            "aws_security_group.ec2",
            "aws_subnet.private_1",
            "aws_subnet.private_2",
            "aws_vpc.main",
            "data.aws_ami.amazon_linux"
          ]
        }
      ]
    },
    {
      "mode": "managed",
      "type": "aws_cloudwatch_metric_alarm",
      "name": "cpu_low",
      "provider": "provider[\"registry.terraform.io/hashicorp/aws\"]",
      "instances": [
        {
          "schema_version": 1,
          "attributes": {
            "actions_enabled": true,
            "alarm_actions": [
              "arn:aws:autoscaling:us-east-1:863421994496:scalingPolicy:17ba8983-0a72-4851-a1b9-b7b1cf028929:autoScalingGroupName/aws-learning-p2-asg:policyName/aws-learning-p2-scale-in"
            ],
            "alarm_description": "CPU \u003c 30% — Scale In!",
            "alarm_name": "aws-learning-p2-cpu-low",
            "arn": "arn:aws:cloudwatch:us-east-1:863421994496:alarm:aws-learning-p2-cpu-low",
            "comparison_operator": "LessThanThreshold",
            "datapoints_to_alarm": 0,
            "dimensions": {
              "AutoScalingGroupName": "aws-learning-p2-asg"
            },
            "evaluate_low_sample_count_percentiles": "",
            "evaluation_periods": 5,
            "extended_statistic": "",
            "id": "aws-learning-p2-cpu-low",
            "insufficient_data_actions": null,
            "metric_name": "CPUUtilization",
            "metric_query": [],
            "namespace": "AWS/EC2",
            "ok_actions": null,
            "period": 60,
            "statistic": "Average",
            "tags": {
              "Environment": "dev",
              "ManagedBy": "Terraform",
              "Project": "aws-learning-p2"
            },
            "tags_all": {
              "Environment": "dev",
              "ManagedBy": "Terraform",
              "Project": "aws-learning-p2"
            },
            "threshold": 30,
            "threshold_metric_id": "",
            "treat_missing_data": "missing",
            "unit": ""
          },
          "sensitive_attributes": [],
          "identity_schema_version": 0,
          "private": "eyJzY2hlbWFfdmVyc2lvbiI6IjEifQ==",
          "dependencies": [
            "aws_autoscaling_group.app",
            "aws_autoscaling_policy.scale_in",
            "aws_iam_instance_profile.ec2_profile",
            "aws_iam_role.ec2_role",
            "aws_launch_template.app",
            "aws_lb_target_group.app",
            "aws_security_group.alb",
            "aws_security_group.ec2",
            "aws_subnet.private_1",
            "aws_subnet.private_2",
            "aws_vpc.main",
            "data.aws_ami.amazon_linux"
          ]
        }
      ]
    },
    {
      "mode": "managed",
      "type": "aws_eip",
      "name": "nat",
      "provider": "provider[\"registry.terraform.io/hashicorp/aws\"]",
      "instances": [
        {
          "schema_version": 0,
          "attributes": {
            "address": null,
            "allocation_id": "eipalloc-054abe7a4e22e50df",
            "arn": "arn:aws:ec2:us-east-1:863421994496:elastic-ip/eipalloc-054abe7a4e22e50df",
            "associate_with_private_ip": null,
            "association_id": "",
            "carrier_ip": "",
            "customer_owned_ip": "",
            "customer_owned_ipv4_pool": "",
            "domain": "vpc",
            "id": "eipalloc-054abe7a4e22e50df",
            "instance": "",
            "ipam_pool_id": null,
            "network_border_group": "us-east-1",
            "network_interface": "",
            "private_dns": null,
            "private_ip": "",
            "ptr_record": "",
            "public_dns": "ec2-54-160-69-163.compute-1.amazonaws.com",
            "public_ip": "54.160.69.163",
            "public_ipv4_pool": "amazon",
            "tags": {
              "Environment": "dev",
              "ManagedBy": "Terraform",
              "Name": "aws-learning-p2-nat-eip",
              "Project": "aws-learning-p2"
            },
            "tags_all": {
              "Environment": "dev",
              "ManagedBy": "Terraform",
              "Name": "aws-learning-p2-nat-eip",
              "Project": "aws-learning-p2"
            },
            "timeouts": null,
            "vpc": true
          },
          "sensitive_attributes": [],
          "identity_schema_version": 0,
          "private": "eyJlMmJmYjczMC1lY2FhLTExZTYtOGY4OC0zNDM2M2JjN2M0YzAiOnsiZGVsZXRlIjoxODAwMDAwMDAwMDAsInJlYWQiOjkwMDAwMDAwMDAwMCwidXBkYXRlIjozMDAwMDAwMDAwMDB9fQ=="
        }
      ]
    },
    {
      "mode": "managed",
      "type": "aws_iam_instance_profile",
      "name": "ec2_profile",
      "provider": "provider[\"registry.terraform.io/hashicorp/aws\"]",
      "instances": [
        {
          "schema_version": 0,
          "attributes": {
            "arn": "arn:aws:iam::863421994496:instance-profile/aws-learning-p2-ec2-profile",
            "create_date": "2026-09-14T18:46:08Z",
            "id": "aws-learning-p2-ec2-profile",
            "name": "aws-learning-p2-ec2-profile",
            "name_prefix": "",
            "path": "/",
            "role": "aws-learning-p2-ec2-role",
            "tags": null,
            "tags_all": {},
            "unique_id": "AIPA4SB7WCYABWUZSEYIZ"
          },
          "sensitive_attributes": [],
          "identity_schema_version": 0,
          "private": "bnVsbA==",
          "dependencies": [
            "aws_iam_role.ec2_role"
          ],
          "create_before_destroy": true
        }
      ]
    },
    {
      "mode": "managed",
      "type": "aws_iam_role",
      "name": "ec2_role",
      "provider": "provider[\"registry.terraform.io/hashicorp/aws\"]",
      "instances": [
        {
          "schema_version": 0,
          "attributes": {
            "arn": "arn:aws:iam::863421994496:role/aws-learning-p2-ec2-role",
            "assume_role_policy": "{\"Statement\":[{\"Action\":\"sts:AssumeRole\",\"Effect\":\"Allow\",\"Principal\":{\"Service\":\"ec2.amazonaws.com\"}}],\"Version\":\"2012-10-17\"}",
            "create_date": "2026-09-14T18:46:06Z",
            "description": "",
            "force_detach_policies": false,
            "id": "aws-learning-p2-ec2-role",
            "inline_policy": [],
            "managed_policy_arns": [],
            "max_session_duration": 3600,
            "name": "aws-learning-p2-ec2-role",
            "name_prefix": "",
            "path": "/",
            "permissions_boundary": "",
            "tags": {
              "Environment": "dev",
              "ManagedBy": "Terraform",
              "Project": "aws-learning-p2"
            },
            "tags_all": {
              "Environment": "dev",
              "ManagedBy": "Terraform",
              "Project": "aws-learning-p2"
            },
            "unique_id": "AROA4SB7WCYAGALZO56GL"
          },
          "sensitive_attributes": [],
          "identity_schema_version": 0,
          "private": "bnVsbA==",
          "create_before_destroy": true
        }
      ]
    },
    {
      "mode": "managed",
      "type": "aws_iam_role_policy_attachment",
      "name": "cloudwatch",
      "provider": "provider[\"registry.terraform.io/hashicorp/aws\"]",
      "instances": [
        {
          "schema_version": 0,
          "attributes": {
            "id": "aws-learning-p2-ec2-role-20260914184607628600000001",
            "policy_arn": "arn:aws:iam::aws:policy/CloudWatchAgentServerPolicy",
            "role": "aws-learning-p2-ec2-role"
          },
          "sensitive_attributes": [],
          "identity_schema_version": 0,
          "private": "bnVsbA==",
          "dependencies": [
            "aws_iam_role.ec2_role"
          ]
        }
      ]
    },
    {
      "mode": "managed",
      "type": "aws_iam_role_policy_attachment",
      "name": "ssm",
      "provider": "provider[\"registry.terraform.io/hashicorp/aws\"]",
      "instances": [
        {
          "schema_version": 0,
          "attributes": {
            "id": "aws-learning-p2-ec2-role-20260914184607920600000002",
            "policy_arn": "arn:aws:iam::aws:policy/AmazonSSMManagedInstanceCore",
            "role": "aws-learning-p2-ec2-role"
          },
          "sensitive_attributes": [],
          "identity_schema_version": 0,
          "private": "bnVsbA==",
          "dependencies": [
            "aws_iam_role.ec2_role"
          ]
        }
      ]
    },
    {
      "mode": "managed",
      "type": "aws_internet_gateway",
      "name": "main",
      "provider": "provider[\"registry.terraform.io/hashicorp/aws\"]",
      "instances": [
        {
          "schema_version": 0,
          "attributes": {
            "arn": "arn:aws:ec2:us-east-1:863421994496:internet-gateway/igw-02d999fea00afb834",
            "id": "igw-02d999fea00afb834",
            "owner_id": "863421994496",
            "tags": {
              "Environment": "dev",
              "ManagedBy": "Terraform",
              "Name": "aws-learning-p2-igw",
              "Project": "aws-learning-p2"
            },
            "tags_all": {
              "Environment": "dev",
              "ManagedBy": "Terraform",
              "Name": "aws-learning-p2-igw",
              "Project": "aws-learning-p2"
            },
            "timeouts": null,
            "vpc_id": "vpc-0356aca2cce3c7811"
          },
          "sensitive_attributes": [],
          "identity_schema_version": 0,
          "private": "eyJlMmJmYjczMC1lY2FhLTExZTYtOGY4OC0zNDM2M2JjN2M0YzAiOnsiY3JlYXRlIjoxMjAwMDAwMDAwMDAwLCJkZWxldGUiOjEyMDAwMDAwMDAwMDAsInVwZGF0ZSI6MTIwMDAwMDAwMDAwMH19",
          "dependencies": [
            "aws_vpc.main"
          ]
        }
      ]
    },
    {
      "mode": "managed",
      "type": "aws_launch_template",
      "name": "app",
      "provider": "provider[\"registry.terraform.io/hashicorp/aws\"]",
      "instances": [
        {
          "schema_version": 0,
          "attributes": {
            "arn": "arn:aws:ec2:us-east-1:863421994496:launch-template/lt-013c913cb4e25547e",
            "block_device_mappings": [
              {
                "device_name": "/dev/xvda",
                "ebs": [
                  {
                    "delete_on_termination": "true",
                    "encrypted": "true",
                    "iops": 0,
                    "kms_key_id": "",
                    "snapshot_id": "",
                    "throughput": 0,
                    "volume_initialization_rate": 0,
                    "volume_size": 20,
                    "volume_type": "gp3"
                  }
                ],
                "no_device": "",
                "virtual_name": ""
              }
            ],
            "capacity_reservation_specification": [],
            "cpu_options": [],
            "credit_specification": [],
            "default_version": 1,
            "description": "",
            "disable_api_stop": false,
            "disable_api_termination": false,
            "ebs_optimized": "",
            "elastic_gpu_specifications": [],
            "elastic_inference_accelerator": [],
            "enclave_options": [],
            "hibernation_options": [],
            "iam_instance_profile": [
              {
                "arn": "",
                "name": "aws-learning-p2-ec2-profile"
              }
            ],
            "id": "lt-013c913cb4e25547e",
            "image_id": "ami-085b153e241f89f29",
            "instance_initiated_shutdown_behavior": "",
            "instance_market_options": [],
            "instance_requirements": [],
            "instance_type": "t3.micro",
            "kernel_id": "",
            "key_name": "",
            "latest_version": 1,
            "license_specification": [],
            "maintenance_options": [],
            "metadata_options": [],
            "monitoring": [
              {
                "enabled": true
              }
            ],
            "name": "aws-learning-p2-lt-20260914184630450100000004",
            "name_prefix": "aws-learning-p2-lt-",
            "network_interfaces": [],
            "placement": [],
            "private_dns_name_options": [],
            "ram_disk_id": "",
            "security_group_names": null,
            "tag_specifications": [
              {
                "resource_type": "instance",
                "tags": {
                  "Environment": "dev",
                  "ManagedBy": "Terraform",
                  "Name": "aws-learning-p2-ec2",
                  "Project": "aws-learning-p2"
                }
              }
            ],
            "tags": null,
            "tags_all": {},
            "update_default_version": null,
            "user_data": "IyEvYmluL2Jhc2gKIyA9PT09PT09PT09PT09PT09PT09PT09PT09PT09PT09PT09PT09PT09PT09PT09PT09PT09PT09PT09PT0KIyBFQzIgVXNlciBEYXRhIFNjcmlwdCDigJQgUHJvamVjdCAyCiMgWWUgc2NyaXB0IEVDMiBsYXVuY2ggaG90ZSB3YXF0IGF1dG9tYXRpY2FsbHkgY2hhbHRhIGhhaQojIEthYW06IE5vZGUuanMgaW5zdGFsbCArIGFwcCBkZXBsb3kgKyBzeXN0ZW1kIHNlcnZpY2Ugc3RhcnQKIyA9PT09PT09PT09PT09PT09PT09PT09PT09PT09PT09PT09PT09PT09PT09PT09PT09PT09PT09PT09PT0KCnNldCAtZQpleGVjID4gPih0ZWUgL3Zhci9sb2cvdXNlci1kYXRhLmxvZyB8IGxvZ2dlciAtdCB1c2VyLWRhdGEpIDI+JjEKCmVjaG8gIj09PT09PT09PT09PT09PT09PT09PT09PT09PT09PT09PT09PT09PT09IgplY2hvICIgRUMyIEJvb3RzdHJhcCBTdGFydGluZyDigJQgJChkYXRlKSIKZWNobyAiPT09PT09PT09PT09PT09PT09PT09PT09PT09PT09PT09PT09PT09PT0iCgojIOKUgOKUgOKUgOKUgOKUgOKUgOKUgOKUgOKUgOKUgOKUgOKUgOKUgOKUgOKUgOKUgOKUgOKUgOKUgOKUgOKUgOKUgOKUgOKUgOKUgOKUgOKUgOKUgOKUgAojIDEuIFN5c3RlbSBVcGRhdGUKIyDilIDilIDilIDilIDilIDilIDilIDilIDilIDilIDilIDilIDilIDilIDilIDilIDilIDilIDilIDilIDilIDilIDilIDilIDilIDilIDilIDilIDilIAKZWNobyAi8J+TpiBTeXN0ZW0gdXBkYXRlLi4uIgp5dW0gdXBkYXRlIC15CgojIOKUgOKUgOKUgOKUgOKUgOKUgOKUgOKUgOKUgOKUgOKUgOKUgOKUgOKUgOKUgOKUgOKUgOKUgOKUgOKUgOKUgOKUgOKUgOKUgOKUgOKUgOKUgOKUgOKUgAojIDIuIE5vZGUuanMgMjAgSW5zdGFsbCAodmlhIE5vZGVTb3VyY2UpCiMg4pSA4pSA4pSA4pSA4pSA4pSA4pSA4pSA4pSA4pSA4pSA4pSA4pSA4pSA4pSA4pSA4pSA4pSA4pSA4pSA4pSA4pSA4pSA4pSA4pSA4pSA4pSA4pSA4pSACmVjaG8gIuKsh++4jyAgSW5zdGFsbGluZyBOb2RlLmpzIDIwLi4uIgpjdXJsIC1mc1NMIGh0dHBzOi8vcnBtLm5vZGVzb3VyY2UuY29tL3NldHVwXzIwLnggfCBiYXNoIC0KeXVtIGluc3RhbGwgLXkgbm9kZWpzCgplY2hvICLinIUgTm9kZS5qcyB2ZXJzaW9uOiAkKG5vZGUgLS12ZXJzaW9uKSIKZWNobyAi4pyFIG5wbSB2ZXJzaW9uOiAkKG5wbSAtLXZlcnNpb24pIgoKIyDilIDilIDilIDilIDilIDilIDilIDilIDilIDilIDilIDilIDilIDilIDilIDilIDilIDilIDilIDilIDilIDilIDilIDilIDilIDilIDilIDilIDilIAKIyAzLiBDbG91ZFdhdGNoIEFnZW50IEluc3RhbGwKIyAoTWVtb3J5IG1ldHJpY3MgRUMyIHNlIHB1c2gga2FyZWdhKQojIOKUgOKUgOKUgOKUgOKUgOKUgOKUgOKUgOKUgOKUgOKUgOKUgOKUgOKUgOKUgOKUgOKUgOKUgOKUgOKUgOKUgOKUgOKUgOKUgOKUgOKUgOKUgOKUgOKUgAplY2hvICLwn5OKIEluc3RhbGxpbmcgQ2xvdWRXYXRjaCBBZ2VudC4uLiIKeXVtIGluc3RhbGwgLXkgYW1hem9uLWNsb3Vkd2F0Y2gtYWdlbnQKCiMgQ2xvdWRXYXRjaCBBZ2VudCBjb25maWcKY2F0ID4gL29wdC9hd3MvYW1hem9uLWNsb3Vkd2F0Y2gtYWdlbnQvZXRjL2FtYXpvbi1jbG91ZHdhdGNoLWFnZW50Lmpzb24gPDwgJ0NXQ09ORklHJwp7CiAgIm1ldHJpY3MiOiB7CiAgICAibmFtZXNwYWNlIjogIkFXUy1MZWFybmluZy9FQzIiLAogICAgIm1ldHJpY3NfY29sbGVjdGVkIjogewogICAgICAibWVtIjogewogICAgICAgICJtZWFzdXJlbWVudCI6IFsibWVtX3VzZWRfcGVyY2VudCJdLAogICAgICAgICJtZXRyaWNzX2NvbGxlY3Rpb25faW50ZXJ2YWwiOiA2MAogICAgICB9LAogICAgICAiZGlzayI6IHsKICAgICAgICAibWVhc3VyZW1lbnQiOiBbImRpc2tfdXNlZF9wZXJjZW50Il0sCiAgICAgICAgInJlc291cmNlcyI6IFsiLyJdLAogICAgICAgICJtZXRyaWNzX2NvbGxlY3Rpb25faW50ZXJ2YWwiOiA2MAogICAgICB9LAogICAgICAiY3B1IjogewogICAgICAgICJ0b3RhbGNwdSI6IHRydWUsCiAgICAgICAgIm1lYXN1cmVtZW50IjogWyJjcHVfdXNhZ2VfYWN0aXZlIl0sCiAgICAgICAgIm1ldHJpY3NfY29sbGVjdGlvbl9pbnRlcnZhbCI6IDYwCiAgICAgIH0KICAgIH0KICB9LAogICJsb2dzIjogewogICAgImxvZ3NfY29sbGVjdGVkIjogewogICAgICAiZmlsZXMiOiB7CiAgICAgICAgImNvbGxlY3RfbGlzdCI6IFsKICAgICAgICAgIHsKICAgICAgICAgICAgImZpbGVfcGF0aCI6ICIvdmFyL2xvZy9hcHAvc2VydmVyLmxvZyIsCiAgICAgICAgICAgICJsb2dfZ3JvdXBfbmFtZSI6ICIvYXdzLWxlYXJuaW5nL3Byb2plY3QtMi9hcHAiLAogICAgICAgICAgICAibG9nX3N0cmVhbV9uYW1lIjogIntpbnN0YW5jZV9pZH0iLAogICAgICAgICAgICAidGltZXpvbmUiOiAiVVRDIgogICAgICAgICAgfQogICAgICAgIF0KICAgICAgfQogICAgfQogIH0KfQpDV0NPTkZJRwoKL29wdC9hd3MvYW1hem9uLWNsb3Vkd2F0Y2gtYWdlbnQvYmluL2FtYXpvbi1jbG91ZHdhdGNoLWFnZW50LWN0bCBcCiAgLWEgZmV0Y2gtY29uZmlnIC1tIGVjMiBcCiAgLWMgZmlsZTovb3B0L2F3cy9hbWF6b24tY2xvdWR3YXRjaC1hZ2VudC9ldGMvYW1hem9uLWNsb3Vkd2F0Y2gtYWdlbnQuanNvbiAtcwoKZWNobyAi4pyFIENsb3VkV2F0Y2ggQWdlbnQgc3RhcnRlZCEiCgojIOKUgOKUgOKUgOKUgOKUgOKUgOKUgOKUgOKUgOKUgOKUgOKUgOKUgOKUgOKUgOKUgOKUgOKUgOKUgOKUgOKUgOKUgOKUgOKUgOKUgOKUgOKUgOKUgOKUgAojIDQuIEFwcCBEaXJlY3RvcnkgU2V0dXAKIyDilIDilIDilIDilIDilIDilIDilIDilIDilIDilIDilIDilIDilIDilIDilIDilIDilIDilIDilIDilIDilIDilIDilIDilIDilIDilIDilIDilIDilIAKZWNobyAi8J+TgSBTZXR0aW5nIHVwIGFwcCBkaXJlY3RvcnkuLi4iCm1rZGlyIC1wIC92YXIvYXBwCm1rZGlyIC1wIC92YXIvbG9nL2FwcAoKIyDilIDilIDilIDilIDilIDilIDilIDilIDilIDilIDilIDilIDilIDilIDilIDilIDilIDilIDilIDilIDilIDilIDilIDilIDilIDilIDilIDilIDilIAKIyA1LiBBcHAgQ29kZSDigJQgUzMgc2UgZG93bmxvYWQgKHlhIHNlZWRoYSBlbWJlZCkKIyDilIDilIDilIDilIDilIDilIDilIDilIDilIDilIDilIDilIDilIDilIDilIDilIDilIDilIDilIDilIDilIDilIDilIDilIDilIDilIDilIDilIDilIAKIyBPcHRpb24gQTogUzMgc2UgZG93bmxvYWQgKENJL0NEIGtlIGJhYWQpCiMgYXdzIHMzIGNwIHMzOi8vWU9VUi1ERVBMT1ktQlVDS0VUL2FwcC50YXIuZ3ogL3Zhci9hcHAvCiMgdGFyIC14emYgL3Zhci9hcHAvYXBwLnRhci5neiAtQyAvdmFyL2FwcC8KCiMgT3B0aW9uIEI6IFNlZWRoYSB5YWhhbiBsaWtobyAocXVpY2sgc3RhcnQga2UgbGl5ZSkKY2F0ID4gL3Zhci9hcHAvc2VydmVyLmpzIDw8ICdBUFBDT0RFJwpjb25zdCBleHByZXNzID0gcmVxdWlyZSgnZXhwcmVzcycpOwpjb25zdCBvcyA9IHJlcXVpcmUoJ29zJyk7CmNvbnN0IGFwcCA9IGV4cHJlc3MoKTsKY29uc3QgUE9SVCA9IHByb2Nlc3MuZW52LlBPUlQgfHwgMzAwMDsKCmFwcC51c2UoZXhwcmVzcy5qc29uKCkpOwoKYXBwLmdldCgnLycsIChyZXEsIHJlcykgPT4gewogIHJlcy5qc29uKHsKICAgIG1lc3NhZ2U6ICfwn5qAIEhlbGxvIGZyb20gRUMyIScsCiAgICBob3N0bmFtZTogb3MuaG9zdG5hbWUoKSwKICAgIGluc3RhbmNlX2lkOiBwcm9jZXNzLmVudi5JTlNUQU5DRV9JRCB8fCAnbG9jYWwnLAogICAgdGltZXN0YW1wOiBuZXcgRGF0ZSgpLnRvSVNPU3RyaW5nKCkKICB9KTsKfSk7CgphcHAuZ2V0KCcvaGVhbHRoJywgKHJlcSwgcmVzKSA9PiB7CiAgcmVzLnN0YXR1cygyMDApLmpzb24oeyBzdGF0dXM6ICdoZWFsdGh5JywgaG9zdG5hbWU6IG9zLmhvc3RuYW1lKCkgfSk7Cn0pOwoKYXBwLmxpc3RlbihQT1JULCAnMC4wLjAuMCcsICgpID0+IHsKICBjb25zb2xlLmxvZyhgU2VydmVyIG9uIHBvcnQgJHtQT1JUfSB8IEhvc3Q6ICR7b3MuaG9zdG5hbWUoKX1gKTsKfSk7CkFQUENPREUKCmNhdCA+IC92YXIvYXBwL3BhY2thZ2UuanNvbiA8PCAnUEtHSlNPTicKeyJuYW1lIjoiYXdzLXAyIiwidmVyc2lvbiI6IjEuMC4wIiwibWFpbiI6InNlcnZlci5qcyIsImRlcGVuZGVuY2llcyI6eyJleHByZXNzIjoiXjQuMTguMiJ9fQpQS0dKU09OCgpjZCAvdmFyL2FwcApucG0gaW5zdGFsbCAtLXByb2R1Y3Rpb24KZWNobyAi4pyFIEFwcCBpbnN0YWxsZWQhIgoKIyDilIDilIDilIDilIDilIDilIDilIDilIDilIDilIDilIDilIDilIDilIDilIDilIDilIDilIDilIDilIDilIDilIDilIDilIDilIDilIDilIDilIDilIAKIyA2LiBTeXN0ZW1kIFNlcnZpY2Ug4oCUIEFwcCBhbHdheXMgcnVubmluZyByYWhlCiMgKEVDMiByZXN0YXJ0IGhvIHRvaCBiaGkgYXBwIGF1dG8tc3RhcnQgaG8pCiMg4pSA4pSA4pSA4pSA4pSA4pSA4pSA4pSA4pSA4pSA4pSA4pSA4pSA4pSA4pSA4pSA4pSA4pSA4pSA4pSA4pSA4pSA4pSA4pSA4pSA4pSA4pSA4pSA4pSACmVjaG8gIuKame+4jyAgQ3JlYXRpbmcgc3lzdGVtZCBzZXJ2aWNlLi4uIgoKY2F0ID4gL2V0Yy9zeXN0ZW1kL3N5c3RlbS9ub2RlYXBwLnNlcnZpY2UgPDwgJ1NFUlZJQ0UnCltVbml0XQpEZXNjcmlwdGlvbj1Ob2RlLmpzIEFXUyBMZWFybmluZyBBcHAKQWZ0ZXI9bmV0d29yay50YXJnZXQKCltTZXJ2aWNlXQpUeXBlPXNpbXBsZQpVc2VyPWVjMi11c2VyCldvcmtpbmdEaXJlY3Rvcnk9L3Zhci9hcHAKRXhlY1N0YXJ0PS91c3IvYmluL25vZGUgc2VydmVyLmpzClJlc3RhcnQ9YWx3YXlzClJlc3RhcnRTZWM9NQpTdGFuZGFyZE91dHB1dD1hcHBlbmQ6L3Zhci9sb2cvYXBwL3NlcnZlci5sb2cKU3RhbmRhcmRFcnJvcj1hcHBlbmQ6L3Zhci9sb2cvYXBwL3NlcnZlci5sb2cKRW52aXJvbm1lbnQ9Tk9ERV9FTlY9cHJvZHVjdGlvbgpFbnZpcm9ubWVudD1QT1JUPTMwMDAKCltJbnN0YWxsXQpXYW50ZWRCeT1tdWx0aS11c2VyLnRhcmdldApTRVJWSUNFCgpzeXN0ZW1jdGwgZGFlbW9uLXJlbG9hZApzeXN0ZW1jdGwgZW5hYmxlIG5vZGVhcHAKc3lzdGVtY3RsIHN0YXJ0IG5vZGVhcHAKCmVjaG8gIuKchSBub2RlYXBwIHNlcnZpY2Ugc3RhcnRlZCEiCmVjaG8gIuKchSBTdGF0dXM6ICQoc3lzdGVtY3RsIGlzLWFjdGl2ZSBub2RlYXBwKSIKCiMg4pSA4pSA4pSA4pSA4pSA4pSA4pSA4pSA4pSA4pSA4pSA4pSA4pSA4pSA4pSA4pSA4pSA4pSA4pSA4pSA4pSA4pSA4pSA4pSA4pSA4pSA4pSA4pSA4pSACiMgNy4gVmVyaWZ5CiMg4pSA4pSA4pSA4pSA4pSA4pSA4pSA4pSA4pSA4pSA4pSA4pSA4pSA4pSA4pSA4pSA4pSA4pSA4pSA4pSA4pSA4pSA4pSA4pSA4pSA4pSA4pSA4pSA4pSACnNsZWVwIDMKaWYgY3VybCAtcyBodHRwOi8vbG9jYWxob3N0OjMwMDAvaGVhbHRoIHwgZ3JlcCAtcSAiaGVhbHRoeSI7IHRoZW4KICBlY2hvICLwn46JIEFwcCBpcyBIRUFMVEhZIGFuZCBydW5uaW5nISIKZWxzZQogIGVjaG8gIuKdjCBBcHAgaGVhbHRoIGNoZWNrIGZhaWxlZCDigJQgY2hlY2sgL3Zhci9sb2cvYXBwL3NlcnZlci5sb2ciCmZpCgplY2hvICI9PT09PT09PT09PT09PT09PT09PT09PT09PT09PT09PT09PT09PT09PSIKZWNobyAiIEJvb3RzdHJhcCBDb21wbGV0ZSDigJQgJChkYXRlKSIKZWNobyAiPT09PT09PT09PT09PT09PT09PT09PT09PT09PT09PT09PT09PT09PT0iCg==",
            "vpc_security_group_ids": [
              "sg-00e3e304f28381e84"
            ]
          },
          "sensitive_attributes": [],
          "identity_schema_version": 0,
          "private": "bnVsbA==",
          "dependencies": [
            "aws_iam_instance_profile.ec2_profile",
            "aws_iam_role.ec2_role",
            "aws_security_group.alb",
            "aws_security_group.ec2",
            "aws_vpc.main",
            "data.aws_ami.amazon_linux"
          ],
          "create_before_destroy": true
        }
      ]
    },
    {
      "mode": "managed",
      "type": "aws_lb",
      "name": "app",
      "provider": "provider[\"registry.terraform.io/hashicorp/aws\"]",
      "instances": [
        {
          "schema_version": 0,
          "attributes": {
            "access_logs": [
              {
                "bucket": "",
                "enabled": false,
                "prefix": ""
              }
            ],
            "arn": "arn:aws:elasticloadbalancing:us-east-1:863421994496:loadbalancer/app/aws-learning-p2-alb/651054aee5d6821a",
            "arn_suffix": "app/aws-learning-p2-alb/651054aee5d6821a",
            "client_keep_alive": 3600,
            "connection_logs": [
              {
                "bucket": "",
                "enabled": false,
                "prefix": ""
              }
            ],
            "customer_owned_ipv4_pool": "",
            "desync_mitigation_mode": "defensive",
            "dns_name": "aws-learning-p2-alb-1028107275.us-east-1.elb.amazonaws.com",
            "dns_record_client_routing_policy": null,
            "drop_invalid_header_fields": false,
            "enable_cross_zone_load_balancing": true,
            "enable_deletion_protection": false,
            "enable_http2": true,
            "enable_tls_version_and_cipher_suite_headers": false,
            "enable_waf_fail_open": false,
            "enable_xff_client_port": false,
            "enable_zonal_shift": false,
            "enforce_security_group_inbound_rules_on_private_link_traffic": "",
            "id": "arn:aws:elasticloadbalancing:us-east-1:863421994496:loadbalancer/app/aws-learning-p2-alb/651054aee5d6821a",
            "idle_timeout": 60,
            "internal": false,
            "ip_address_type": "ipv4",
            "ipam_pools": [],
            "load_balancer_type": "application",
            "minimum_load_balancer_capacity": [],
            "name": "aws-learning-p2-alb",
            "name_prefix": "",
            "preserve_host_header": false,
            "security_groups": [
              "sg-06c97328f363e0f23"
            ],
            "subnet_mapping": [
              {
                "allocation_id": "",
                "ipv6_address": "",
                "outpost_id": "",
                "private_ipv4_address": "",
                "subnet_id": "subnet-038ab43223fa9408c"
              },
              {
                "allocation_id": "",
                "ipv6_address": "",
                "outpost_id": "",
                "private_ipv4_address": "",
                "subnet_id": "subnet-0ff1066e7e3a8bc33"
              }
            ],
            "subnets": [
              "subnet-038ab43223fa9408c",
              "subnet-0ff1066e7e3a8bc33"
            ],
            "tags": {
              "Environment": "dev",
              "ManagedBy": "Terraform",
              "Name": "aws-learning-p2-alb",
              "Project": "aws-learning-p2"
            },
            "tags_all": {
              "Environment": "dev",
              "ManagedBy": "Terraform",
              "Name": "aws-learning-p2-alb",
              "Project": "aws-learning-p2"
            },
            "timeouts": null,
            "vpc_id": "vpc-0356aca2cce3c7811",
            "xff_header_processing_mode": "append",
            "zone_id": "Z35SXDOTRQ7X7K"
          },
          "sensitive_attributes": [],
          "identity_schema_version": 0,
          "private": "eyJlMmJmYjczMC1lY2FhLTExZTYtOGY4OC0zNDM2M2JjN2M0YzAiOnsiY3JlYXRlIjo2MDAwMDAwMDAwMDAsImRlbGV0ZSI6NjAwMDAwMDAwMDAwLCJ1cGRhdGUiOjYwMDAwMDAwMDAwMH19",
          "dependencies": [
            "aws_security_group.alb",
            "aws_subnet.public_1",
            "aws_subnet.public_2",
            "aws_vpc.main"
          ]
        }
      ]
    },
    {
      "mode": "managed",
      "type": "aws_lb_listener",
      "name": "http",
      "provider": "provider[\"registry.terraform.io/hashicorp/aws\"]",
      "instances": [
        {
          "schema_version": 0,
          "attributes": {
            "alpn_policy": null,
            "arn": "arn:aws:elasticloadbalancing:us-east-1:863421994496:listener/app/aws-learning-p2-alb/651054aee5d6821a/1a7892e93e406ca6",
            "certificate_arn": null,
            "default_action": [
              {
                "authenticate_cognito": [],
                "authenticate_oidc": [],
                "fixed_response": [],
                "forward": [],
                "order": 1,
                "redirect": [],
                "target_group_arn": "arn:aws:elasticloadbalancing:us-east-1:863421994496:targetgroup/aws-learning-p2-tg/b52efde83923d64f",
                "type": "forward"
              }
            ],
            "id": "arn:aws:elasticloadbalancing:us-east-1:863421994496:listener/app/aws-learning-p2-alb/651054aee5d6821a/1a7892e93e406ca6",
            "load_balancer_arn": "arn:aws:elasticloadbalancing:us-east-1:863421994496:loadbalancer/app/aws-learning-p2-alb/651054aee5d6821a",
            "mutual_authentication": [],
            "port": 80,
            "protocol": "HTTP",
            "routing_http_request_x_amzn_mtls_clientcert_header_name": null,
            "routing_http_request_x_amzn_mtls_clientcert_issuer_header_name": null,
            "routing_http_request_x_amzn_mtls_clientcert_leaf_header_name": null,
            "routing_http_request_x_amzn_mtls_clientcert_serial_number_header_name": null,
            "routing_http_request_x_amzn_mtls_clientcert_subject_header_name": null,
            "routing_http_request_x_amzn_mtls_clientcert_validity_header_name": null,
            "routing_http_request_x_amzn_tls_cipher_suite_header_name": null,
            "routing_http_request_x_amzn_tls_version_header_name": null,
            "routing_http_response_access_control_allow_credentials_header_value": "",
            "routing_http_response_access_control_allow_headers_header_value": "",
            "routing_http_response_access_control_allow_methods_header_value": "",
            "routing_http_response_access_control_allow_origin_header_value": "",
            "routing_http_response_access_control_expose_headers_header_value": "",
            "routing_http_response_access_control_max_age_header_value": "",
            "routing_http_response_content_security_policy_header_value": "",
            "routing_http_response_server_enabled": true,
            "routing_http_response_strict_transport_security_header_value": "",
            "routing_http_response_x_content_type_options_header_value": "",
            "routing_http_response_x_frame_options_header_value": "",
            "ssl_policy": "",
            "tags": null,
            "tags_all": {},
            "tcp_idle_timeout_seconds": null,
            "timeouts": null
          },
          "sensitive_attributes": [],
          "identity_schema_version": 0,
          "private": "eyJlMmJmYjczMC1lY2FhLTExZTYtOGY4OC0zNDM2M2JjN2M0YzAiOnsiY3JlYXRlIjozMDAwMDAwMDAwMDAsInVwZGF0ZSI6MzAwMDAwMDAwMDAwfX0=",
          "dependencies": [
            "aws_lb.app",
            "aws_lb_target_group.app",
            "aws_security_group.alb",
            "aws_subnet.public_1",
            "aws_subnet.public_2",
            "aws_vpc.main"
          ]
        }
      ]
    },
    {
      "mode": "managed",
      "type": "aws_lb_target_group",
      "name": "app",
      "provider": "provider[\"registry.terraform.io/hashicorp/aws\"]",
      "instances": [
        {
          "schema_version": 0,
          "attributes": {
            "arn": "arn:aws:elasticloadbalancing:us-east-1:863421994496:targetgroup/aws-learning-p2-tg/b52efde83923d64f",
            "arn_suffix": "targetgroup/aws-learning-p2-tg/b52efde83923d64f",
            "connection_termination": null,
            "deregistration_delay": "300",
            "health_check": [
              {
                "enabled": true,
                "healthy_threshold": 2,
                "interval": 30,
                "matcher": "200",
                "path": "/health",
                "port": "traffic-port",
                "protocol": "HTTP",
                "timeout": 5,
                "unhealthy_threshold": 3
              }
            ],
            "id": "arn:aws:elasticloadbalancing:us-east-1:863421994496:targetgroup/aws-learning-p2-tg/b52efde83923d64f",
            "ip_address_type": "ipv4",
            "lambda_multi_value_headers_enabled": false,
            "load_balancer_arns": [],
            "load_balancing_algorithm_type": "round_robin",
            "load_balancing_anomaly_mitigation": "off",
            "load_balancing_cross_zone_enabled": "use_load_balancer_configuration",
            "name": "aws-learning-p2-tg",
            "name_prefix": "",
            "port": 3000,
            "preserve_client_ip": null,
            "protocol": "HTTP",
            "protocol_version": "HTTP1",
            "proxy_protocol_v2": false,
            "slow_start": 0,
            "stickiness": [
              {
                "cookie_duration": 86400,
                "cookie_name": "",
                "enabled": false,
                "type": "lb_cookie"
              }
            ],
            "tags": {
              "Environment": "dev",
              "ManagedBy": "Terraform",
              "Name": "aws-learning-p2-tg",
              "Project": "aws-learning-p2"
            },
            "tags_all": {
              "Environment": "dev",
              "ManagedBy": "Terraform",
              "Name": "aws-learning-p2-tg",
              "Project": "aws-learning-p2"
            },
            "target_failover": [
              {
                "on_deregistration": null,
                "on_unhealthy": null
              }
            ],
            "target_group_health": [
              {
                "dns_failover": [
                  {
                    "minimum_healthy_targets_count": "1",
                    "minimum_healthy_targets_percentage": "off"
                  }
                ],
                "unhealthy_state_routing": [
                  {
                    "minimum_healthy_targets_count": 1,
                    "minimum_healthy_targets_percentage": "off"
                  }
                ]
              }
            ],
            "target_health_state": [
              {
                "enable_unhealthy_connection_termination": null,
                "unhealthy_draining_interval": null
              }
            ],
            "target_type": "instance",
            "vpc_id": "vpc-0356aca2cce3c7811"
          },
          "sensitive_attributes": [],
          "identity_schema_version": 0,
          "private": "bnVsbA==",
          "dependencies": [
            "aws_vpc.main"
          ],
          "create_before_destroy": true
        }
      ]
    },
    {
      "mode": "managed",
      "type": "aws_nat_gateway",
      "name": "main",
      "provider": "provider[\"registry.terraform.io/hashicorp/aws\"]",
      "instances": [
        {
          "schema_version": 0,
          "attributes": {
            "allocation_id": "eipalloc-054abe7a4e22e50df",
            "association_id": "eipassoc-05aea9e0ef2719310",
            "connectivity_type": "public",
            "id": "nat-0d2a2f99db4d9ce65",
            "network_interface_id": "eni-0208ff2594f4387fe",
            "private_ip": "10.0.1.240",
            "public_ip": "54.160.69.163",
            "secondary_allocation_ids": null,
            "secondary_private_ip_address_count": 0,
            "secondary_private_ip_addresses": [],
            "subnet_id": "subnet-038ab43223fa9408c",
            "tags": {
              "Environment": "dev",
              "ManagedBy": "Terraform",
              "Name": "aws-learning-p2-nat-gw",
              "Project": "aws-learning-p2"
            },
            "tags_all": {
              "Environment": "dev",
              "ManagedBy": "Terraform",
              "Name": "aws-learning-p2-nat-gw",
              "Project": "aws-learning-p2"
            },
            "timeouts": null
          },
          "sensitive_attributes": [],
          "identity_schema_version": 0,
          "private": "eyJlMmJmYjczMC1lY2FhLTExZTYtOGY4OC0zNDM2M2JjN2M0YzAiOnsiY3JlYXRlIjo2MDAwMDAwMDAwMDAsImRlbGV0ZSI6MTgwMDAwMDAwMDAwMCwidXBkYXRlIjo2MDAwMDAwMDAwMDB9fQ==",
          "dependencies": [
            "aws_eip.nat",
            "aws_internet_gateway.main",
            "aws_subnet.public_1",
            "aws_vpc.main"
          ]
        }
      ]
    },
    {
      "mode": "managed",
      "type": "aws_route_table",
      "name": "private",
      "provider": "provider[\"registry.terraform.io/hashicorp/aws\"]",
      "instances": [
        {
          "schema_version": 0,
          "attributes": {
            "arn": "arn:aws:ec2:us-east-1:863421994496:route-table/rtb-0d08aea50d6d65741",
            "id": "rtb-0d08aea50d6d65741",
            "owner_id": "863421994496",
            "propagating_vgws": [],
            "route": [
              {
                "carrier_gateway_id": "",
                "cidr_block": "0.0.0.0/0",
                "core_network_arn": "",
                "destination_prefix_list_id": "",
                "egress_only_gateway_id": "",
                "gateway_id": "",
                "ipv6_cidr_block": "",
                "local_gateway_id": "",
                "nat_gateway_id": "nat-0d2a2f99db4d9ce65",
                "network_interface_id": "",
                "transit_gateway_id": "",
                "vpc_endpoint_id": "",
                "vpc_peering_connection_id": ""
              }
            ],
            "tags": {
              "Environment": "dev",
              "ManagedBy": "Terraform",
              "Name": "aws-learning-p2-private-rt",
              "Project": "aws-learning-p2"
            },
            "tags_all": {
              "Environment": "dev",
              "ManagedBy": "Terraform",
              "Name": "aws-learning-p2-private-rt",
              "Project": "aws-learning-p2"
            },
            "timeouts": null,
            "vpc_id": "vpc-0356aca2cce3c7811"
          },
          "sensitive_attributes": [],
          "identity_schema_version": 0,
          "private": "eyJlMmJmYjczMC1lY2FhLTExZTYtOGY4OC0zNDM2M2JjN2M0YzAiOnsiY3JlYXRlIjozMDAwMDAwMDAwMDAsImRlbGV0ZSI6MzAwMDAwMDAwMDAwLCJ1cGRhdGUiOjEyMDAwMDAwMDAwMH19",
          "dependencies": [
            "aws_eip.nat",
            "aws_internet_gateway.main",
            "aws_nat_gateway.main",
            "aws_subnet.public_1",
            "aws_vpc.main"
          ]
        }
      ]
    },
    {
      "mode": "managed",
      "type": "aws_route_table",
      "name": "public",
      "provider": "provider[\"registry.terraform.io/hashicorp/aws\"]",
      "instances": [
        {
          "schema_version": 0,
          "attributes": {
            "arn": "arn:aws:ec2:us-east-1:863421994496:route-table/rtb-0dd6d26691bd83dc2",
            "id": "rtb-0dd6d26691bd83dc2",
            "owner_id": "863421994496",
            "propagating_vgws": [],
            "route": [
              {
                "carrier_gateway_id": "",
                "cidr_block": "0.0.0.0/0",
                "core_network_arn": "",
                "destination_prefix_list_id": "",
                "egress_only_gateway_id": "",
                "gateway_id": "igw-02d999fea00afb834",
                "ipv6_cidr_block": "",
                "local_gateway_id": "",
                "nat_gateway_id": "",
                "network_interface_id": "",
                "transit_gateway_id": "",
                "vpc_endpoint_id": "",
                "vpc_peering_connection_id": ""
              }
            ],
            "tags": {
              "Environment": "dev",
              "ManagedBy": "Terraform",
              "Name": "aws-learning-p2-public-rt",
              "Project": "aws-learning-p2"
            },
            "tags_all": {
              "Environment": "dev",
              "ManagedBy": "Terraform",
              "Name": "aws-learning-p2-public-rt",
              "Project": "aws-learning-p2"
            },
            "timeouts": null,
            "vpc_id": "vpc-0356aca2cce3c7811"
          },
          "sensitive_attributes": [],
          "identity_schema_version": 0,
          "private": "eyJlMmJmYjczMC1lY2FhLTExZTYtOGY4OC0zNDM2M2JjN2M0YzAiOnsiY3JlYXRlIjozMDAwMDAwMDAwMDAsImRlbGV0ZSI6MzAwMDAwMDAwMDAwLCJ1cGRhdGUiOjEyMDAwMDAwMDAwMH19",
          "dependencies": [
            "aws_internet_gateway.main",
            "aws_vpc.main"
          ]
        }
      ]
    },
    {
      "mode": "managed",
      "type": "aws_route_table_association",
      "name": "private_1",
      "provider": "provider[\"registry.terraform.io/hashicorp/aws\"]",
      "instances": [
        {
          "schema_version": 0,
          "attributes": {
            "gateway_id": "",
            "id": "rtbassoc-0a3196a634c60fa74",
            "route_table_id": "rtb-0d08aea50d6d65741",
            "subnet_id": "subnet-0c7054eb1db9d8b78",
            "timeouts": null
          },
          "sensitive_attributes": [],
          "identity_schema_version": 0,
          "private": "eyJlMmJmYjczMC1lY2FhLTExZTYtOGY4OC0zNDM2M2JjN2M0YzAiOnsiY3JlYXRlIjozMDAwMDAwMDAwMDAsImRlbGV0ZSI6MzAwMDAwMDAwMDAwLCJ1cGRhdGUiOjEyMDAwMDAwMDAwMH19",
          "dependencies": [
            "aws_eip.nat",
            "aws_internet_gateway.main",
            "aws_nat_gateway.main",
            "aws_route_table.private",
            "aws_subnet.private_1",
            "aws_subnet.public_1",
            "aws_vpc.main"
          ]
        }
      ]
    },
    {
      "mode": "managed",
      "type": "aws_route_table_association",
      "name": "private_2",
      "provider": "provider[\"registry.terraform.io/hashicorp/aws\"]",
      "instances": [
        {
          "schema_version": 0,
          "attributes": {
            "gateway_id": "",
            "id": "rtbassoc-03d3f0b2457938888",
            "route_table_id": "rtb-0d08aea50d6d65741",
            "subnet_id": "subnet-0a58761ddc2f0b354",
            "timeouts": null
          },
          "sensitive_attributes": [],
          "identity_schema_version": 0,
          "private": "eyJlMmJmYjczMC1lY2FhLTExZTYtOGY4OC0zNDM2M2JjN2M0YzAiOnsiY3JlYXRlIjozMDAwMDAwMDAwMDAsImRlbGV0ZSI6MzAwMDAwMDAwMDAwLCJ1cGRhdGUiOjEyMDAwMDAwMDAwMH19",
          "dependencies": [
            "aws_eip.nat",
            "aws_internet_gateway.main",
            "aws_nat_gateway.main",
            "aws_route_table.private",
            "aws_subnet.private_2",
            "aws_subnet.public_1",
            "aws_vpc.main"
          ]
        }
      ]
    },
    {
      "mode": "managed",
      "type": "aws_route_table_association",
      "name": "public_1",
      "provider": "provider[\"registry.terraform.io/hashicorp/aws\"]",
      "instances": [
        {
          "schema_version": 0,
          "attributes": {
            "gateway_id": "",
            "id": "rtbassoc-092e79e08095bdc83",
            "route_table_id": "rtb-0dd6d26691bd83dc2",
            "subnet_id": "subnet-038ab43223fa9408c",
            "timeouts": null
          },
          "sensitive_attributes": [],
          "identity_schema_version": 0,
          "private": "eyJlMmJmYjczMC1lY2FhLTExZTYtOGY4OC0zNDM2M2JjN2M0YzAiOnsiY3JlYXRlIjozMDAwMDAwMDAwMDAsImRlbGV0ZSI6MzAwMDAwMDAwMDAwLCJ1cGRhdGUiOjEyMDAwMDAwMDAwMH19",
          "dependencies": [
            "aws_internet_gateway.main",
            "aws_route_table.public",
            "aws_subnet.public_1",
            "aws_vpc.main"
          ]
        }
      ]
    },
    {
      "mode": "managed",
      "type": "aws_route_table_association",
      "name": "public_2",
      "provider": "provider[\"registry.terraform.io/hashicorp/aws\"]",
      "instances": [
        {
          "schema_version": 0,
          "attributes": {
            "gateway_id": "",
            "id": "rtbassoc-0d03e435a3e64da40",
            "route_table_id": "rtb-0dd6d26691bd83dc2",
            "subnet_id": "subnet-0ff1066e7e3a8bc33",
            "timeouts": null
          },
          "sensitive_attributes": [],
          "identity_schema_version": 0,
          "private": "eyJlMmJmYjczMC1lY2FhLTExZTYtOGY4OC0zNDM2M2JjN2M0YzAiOnsiY3JlYXRlIjozMDAwMDAwMDAwMDAsImRlbGV0ZSI6MzAwMDAwMDAwMDAwLCJ1cGRhdGUiOjEyMDAwMDAwMDAwMH19",
          "dependencies": [
            "aws_internet_gateway.main",
            "aws_route_table.public",
            "aws_subnet.public_2",
            "aws_vpc.main"
          ]
        }
      ]
    },
    {
      "mode": "managed",
      "type": "aws_security_group",
      "name": "alb",
      "provider": "provider[\"registry.terraform.io/hashicorp/aws\"]",
      "instances": [
        {
          "schema_version": 1,
          "attributes": {
            "arn": "arn:aws:ec2:us-east-1:863421994496:security-group/sg-06c97328f363e0f23",
            "description": "ALB: Allow HTTP from internet",
            "egress": [
              {
                "cidr_blocks": [
                  "0.0.0.0/0"
                ],
                "description": "All outbound allowed",
                "from_port": 0,
                "ipv6_cidr_blocks": [],
                "prefix_list_ids": [],
                "protocol": "-1",
                "security_groups": [],
                "self": false,
                "to_port": 0
              }
            ],
            "id": "sg-06c97328f363e0f23",
            "ingress": [
              {
                "cidr_blocks": [
                  "0.0.0.0/0"
                ],
                "description": "HTTP from internet",
                "from_port": 80,
                "ipv6_cidr_blocks": [],
                "prefix_list_ids": [],
                "protocol": "tcp",
                "security_groups": [],
                "self": false,
                "to_port": 80
              }
            ],
            "name": "aws-learning-p2-alb-sg",
            "name_prefix": "",
            "owner_id": "863421994496",
            "revoke_rules_on_delete": false,
            "tags": {
              "Environment": "dev",
              "ManagedBy": "Terraform",
              "Name": "aws-learning-p2-alb-sg",
              "Project": "aws-learning-p2"
            },
            "tags_all": {
              "Environment": "dev",
              "ManagedBy": "Terraform",
              "Name": "aws-learning-p2-alb-sg",
              "Project": "aws-learning-p2"
            },
            "timeouts": null,
            "vpc_id": "vpc-0356aca2cce3c7811"
          },
          "sensitive_attributes": [],
          "identity_schema_version": 0,
          "private": "eyJlMmJmYjczMC1lY2FhLTExZTYtOGY4OC0zNDM2M2JjN2M0YzAiOnsiY3JlYXRlIjo2MDAwMDAwMDAwMDAsImRlbGV0ZSI6OTAwMDAwMDAwMDAwfSwic2NoZW1hX3ZlcnNpb24iOiIxIn0=",
          "dependencies": [
            "aws_vpc.main"
          ],
          "create_before_destroy": true
        }
      ]
    },
    {
      "mode": "managed",
      "type": "aws_security_group",
      "name": "ec2",
      "provider": "provider[\"registry.terraform.io/hashicorp/aws\"]",
      "instances": [
        {
          "schema_version": 1,
          "attributes": {
            "arn": "arn:aws:ec2:us-east-1:863421994496:security-group/sg-00e3e304f28381e84",
            "description": "EC2: Allow traffic only from ALB",
            "egress": [
              {
                "cidr_blocks": [
                  "0.0.0.0/0"
                ],
                "description": "All outbound (NAT GW se npm install, updates)",
                "from_port": 0,
                "ipv6_cidr_blocks": [],
                "prefix_list_ids": [],
                "protocol": "-1",
                "security_groups": [],
                "self": false,
                "to_port": 0
              }
            ],
            "id": "sg-00e3e304f28381e84",
            "ingress": [
              {
                "cidr_blocks": [],
                "description": "App port from ALB only",
                "from_port": 3000,
                "ipv6_cidr_blocks": [],
                "prefix_list_ids": [],
                "protocol": "tcp",
                "security_groups": [
                  "sg-06c97328f363e0f23"
                ],
                "self": false,
                "to_port": 3000
              }
            ],
            "name": "aws-learning-p2-ec2-sg",
            "name_prefix": "",
            "owner_id": "863421994496",
            "revoke_rules_on_delete": false,
            "tags": {
              "Environment": "dev",
              "ManagedBy": "Terraform",
              "Name": "aws-learning-p2-ec2-sg",
              "Project": "aws-learning-p2"
            },
            "tags_all": {
              "Environment": "dev",
              "ManagedBy": "Terraform",
              "Name": "aws-learning-p2-ec2-sg",
              "Project": "aws-learning-p2"
            },
            "timeouts": null,
            "vpc_id": "vpc-0356aca2cce3c7811"
          },
          "sensitive_attributes": [],
          "identity_schema_version": 0,
          "private": "eyJlMmJmYjczMC1lY2FhLTExZTYtOGY4OC0zNDM2M2JjN2M0YzAiOnsiY3JlYXRlIjo2MDAwMDAwMDAwMDAsImRlbGV0ZSI6OTAwMDAwMDAwMDAwfSwic2NoZW1hX3ZlcnNpb24iOiIxIn0=",
          "dependencies": [
            "aws_security_group.alb",
            "aws_vpc.main"
          ],
          "create_before_destroy": true
        }
      ]
    },
    {
      "mode": "managed",
      "type": "aws_subnet",
      "name": "private_1",
      "provider": "provider[\"registry.terraform.io/hashicorp/aws\"]",
      "instances": [
        {
          "schema_version": 1,
          "attributes": {
            "arn": "arn:aws:ec2:us-east-1:863421994496:subnet/subnet-0c7054eb1db9d8b78",
            "assign_ipv6_address_on_creation": false,
            "availability_zone": "us-east-1a",
            "availability_zone_id": "use1-az1",
            "cidr_block": "10.0.3.0/24",
            "customer_owned_ipv4_pool": "",
            "enable_dns64": false,
            "enable_lni_at_device_index": 0,
            "enable_resource_name_dns_a_record_on_launch": false,
            "enable_resource_name_dns_aaaa_record_on_launch": false,
            "id": "subnet-0c7054eb1db9d8b78",
            "ipv6_cidr_block": "",
            "ipv6_cidr_block_association_id": "",
            "ipv6_native": false,
            "map_customer_owned_ip_on_launch": false,
            "map_public_ip_on_launch": false,
            "outpost_arn": "",
            "owner_id": "863421994496",
            "private_dns_hostname_type_on_launch": "ip-name",
            "tags": {
              "Environment": "dev",
              "ManagedBy": "Terraform",
              "Name": "aws-learning-p2-private-1",
              "Project": "aws-learning-p2"
            },
            "tags_all": {
              "Environment": "dev",
              "ManagedBy": "Terraform",
              "Name": "aws-learning-p2-private-1",
              "Project": "aws-learning-p2"
            },
            "timeouts": null,
            "vpc_id": "vpc-0356aca2cce3c7811"
          },
          "sensitive_attributes": [],
          "identity_schema_version": 0,
          "private": "eyJlMmJmYjczMC1lY2FhLTExZTYtOGY4OC0zNDM2M2JjN2M0YzAiOnsiY3JlYXRlIjo2MDAwMDAwMDAwMDAsImRlbGV0ZSI6MTIwMDAwMDAwMDAwMH0sInNjaGVtYV92ZXJzaW9uIjoiMSJ9",
          "dependencies": [
            "aws_vpc.main"
          ],
          "create_before_destroy": true
        }
      ]
    },
    {
      "mode": "managed",
      "type": "aws_subnet",
      "name": "private_2",
      "provider": "provider[\"registry.terraform.io/hashicorp/aws\"]",
      "instances": [
        {
          "schema_version": 1,
          "attributes": {
            "arn": "arn:aws:ec2:us-east-1:863421994496:subnet/subnet-0a58761ddc2f0b354",
            "assign_ipv6_address_on_creation": false,
            "availability_zone": "us-east-1b",
            "availability_zone_id": "use1-az2",
            "cidr_block": "10.0.4.0/24",
            "customer_owned_ipv4_pool": "",
            "enable_dns64": false,
            "enable_lni_at_device_index": 0,
            "enable_resource_name_dns_a_record_on_launch": false,
            "enable_resource_name_dns_aaaa_record_on_launch": false,
            "id": "subnet-0a58761ddc2f0b354",
            "ipv6_cidr_block": "",
            "ipv6_cidr_block_association_id": "",
            "ipv6_native": false,
            "map_customer_owned_ip_on_launch": false,
            "map_public_ip_on_launch": false,
            "outpost_arn": "",
            "owner_id": "863421994496",
            "private_dns_hostname_type_on_launch": "ip-name",
            "tags": {
              "Environment": "dev",
              "ManagedBy": "Terraform",
              "Name": "aws-learning-p2-private-2",
              "Project": "aws-learning-p2"
            },
            "tags_all": {
              "Environment": "dev",
              "ManagedBy": "Terraform",
              "Name": "aws-learning-p2-private-2",
              "Project": "aws-learning-p2"
            },
            "timeouts": null,
            "vpc_id": "vpc-0356aca2cce3c7811"
          },
          "sensitive_attributes": [],
          "identity_schema_version": 0,
          "private": "eyJlMmJmYjczMC1lY2FhLTExZTYtOGY4OC0zNDM2M2JjN2M0YzAiOnsiY3JlYXRlIjo2MDAwMDAwMDAwMDAsImRlbGV0ZSI6MTIwMDAwMDAwMDAwMH0sInNjaGVtYV92ZXJzaW9uIjoiMSJ9",
          "dependencies": [
            "aws_vpc.main"
          ],
          "create_before_destroy": true
        }
      ]
    },
    {
      "mode": "managed",
      "type": "aws_subnet",
      "name": "public_1",
      "provider": "provider[\"registry.terraform.io/hashicorp/aws\"]",
      "instances": [
        {
          "schema_version": 1,
          "attributes": {
            "arn": "arn:aws:ec2:us-east-1:863421994496:subnet/subnet-038ab43223fa9408c",
            "assign_ipv6_address_on_creation": false,
            "availability_zone": "us-east-1a",
            "availability_zone_id": "use1-az1",
            "cidr_block": "10.0.1.0/24",
            "customer_owned_ipv4_pool": "",
            "enable_dns64": false,
            "enable_lni_at_device_index": 0,
            "enable_resource_name_dns_a_record_on_launch": false,
            "enable_resource_name_dns_aaaa_record_on_launch": false,
            "id": "subnet-038ab43223fa9408c",
            "ipv6_cidr_block": "",
            "ipv6_cidr_block_association_id": "",
            "ipv6_native": false,
            "map_customer_owned_ip_on_launch": false,
            "map_public_ip_on_launch": true,
            "outpost_arn": "",
            "owner_id": "863421994496",
            "private_dns_hostname_type_on_launch": "ip-name",
            "tags": {
              "Environment": "dev",
              "ManagedBy": "Terraform",
              "Name": "aws-learning-p2-public-1",
              "Project": "aws-learning-p2"
            },
            "tags_all": {
              "Environment": "dev",
              "ManagedBy": "Terraform",
              "Name": "aws-learning-p2-public-1",
              "Project": "aws-learning-p2"
            },
            "timeouts": null,
            "vpc_id": "vpc-0356aca2cce3c7811"
          },
          "sensitive_attributes": [],
          "identity_schema_version": 0,
          "private": "eyJlMmJmYjczMC1lY2FhLTExZTYtOGY4OC0zNDM2M2JjN2M0YzAiOnsiY3JlYXRlIjo2MDAwMDAwMDAwMDAsImRlbGV0ZSI6MTIwMDAwMDAwMDAwMH0sInNjaGVtYV92ZXJzaW9uIjoiMSJ9",
          "dependencies": [
            "aws_vpc.main"
          ]
        }
      ]
    },
    {
      "mode": "managed",
      "type": "aws_subnet",
      "name": "public_2",
      "provider": "provider[\"registry.terraform.io/hashicorp/aws\"]",
      "instances": [
        {
          "schema_version": 1,
          "attributes": {
            "arn": "arn:aws:ec2:us-east-1:863421994496:subnet/subnet-0ff1066e7e3a8bc33",
            "assign_ipv6_address_on_creation": false,
            "availability_zone": "us-east-1b",
            "availability_zone_id": "use1-az2",
            "cidr_block": "10.0.2.0/24",
            "customer_owned_ipv4_pool": "",
            "enable_dns64": false,
            "enable_lni_at_device_index": 0,
            "enable_resource_name_dns_a_record_on_launch": false,
            "enable_resource_name_dns_aaaa_record_on_launch": false,
            "id": "subnet-0ff1066e7e3a8bc33",
            "ipv6_cidr_block": "",
            "ipv6_cidr_block_association_id": "",
            "ipv6_native": false,
            "map_customer_owned_ip_on_launch": false,
            "map_public_ip_on_launch": true,
            "outpost_arn": "",
            "owner_id": "863421994496",
            "private_dns_hostname_type_on_launch": "ip-name",
            "tags": {
              "Environment": "dev",
              "ManagedBy": "Terraform",
              "Name": "aws-learning-p2-public-2",
              "Project": "aws-learning-p2"
            },
            "tags_all": {
              "Environment": "dev",
              "ManagedBy": "Terraform",
              "Name": "aws-learning-p2-public-2",
              "Project": "aws-learning-p2"
            },
            "timeouts": null,
            "vpc_id": "vpc-0356aca2cce3c7811"
          },
          "sensitive_attributes": [],
          "identity_schema_version": 0,
          "private": "eyJlMmJmYjczMC1lY2FhLTExZTYtOGY4OC0zNDM2M2JjN2M0YzAiOnsiY3JlYXRlIjo2MDAwMDAwMDAwMDAsImRlbGV0ZSI6MTIwMDAwMDAwMDAwMH0sInNjaGVtYV92ZXJzaW9uIjoiMSJ9",
          "dependencies": [
            "aws_vpc.main"
          ]
        }
      ]
    },
    {
      "mode": "managed",
      "type": "aws_vpc",
      "name": "main",
      "provider": "provider[\"registry.terraform.io/hashicorp/aws\"]",
      "instances": [
        {
          "schema_version": 1,
          "attributes": {
            "arn": "arn:aws:ec2:us-east-1:863421994496:vpc/vpc-0356aca2cce3c7811",
            "assign_generated_ipv6_cidr_block": false,
            "cidr_block": "10.0.0.0/16",
            "default_network_acl_id": "acl-00bceeaf54a59cd2b",
            "default_route_table_id": "rtb-0d10d3af75f793b0e",
            "default_security_group_id": "sg-0cdde38f9440834ac",
            "dhcp_options_id": "dopt-0a4cb7a6773e5e6b8",
            "enable_dns_hostnames": true,
            "enable_dns_support": true,
            "enable_network_address_usage_metrics": false,
            "id": "vpc-0356aca2cce3c7811",
            "instance_tenancy": "default",
            "ipv4_ipam_pool_id": null,
            "ipv4_netmask_length": null,
            "ipv6_association_id": "",
            "ipv6_cidr_block": "",
            "ipv6_cidr_block_network_border_group": "",
            "ipv6_ipam_pool_id": "",
            "ipv6_netmask_length": 0,
            "main_route_table_id": "rtb-0d10d3af75f793b0e",
            "owner_id": "863421994496",
            "tags": {
              "Environment": "dev",
              "ManagedBy": "Terraform",
              "Name": "aws-learning-p2-vpc",
              "Project": "aws-learning-p2"
            },
            "tags_all": {
              "Environment": "dev",
              "ManagedBy": "Terraform",
              "Name": "aws-learning-p2-vpc",
              "Project": "aws-learning-p2"
            }
          },
          "sensitive_attributes": [],
          "identity_schema_version": 0,
          "private": "eyJzY2hlbWFfdmVyc2lvbiI6IjEifQ==",
          "create_before_destroy": true
        }
      ]
    }
  ],
  "check_results": null
}
